
Microsoft Visual Studio Solution File, Format Version 12.00
# Visual Studio Version 17
VisualStudioVersion = 17.6.33712.159
MinimumVisualStudioVersion = 10.0.40219.1
Project("{9A19103F-16F7-4668-BE54-9A1E7A4F7556}") = "Layer.Core", "Layer.Core.csproj", "{C2490613-32D6-4BF6-BDC6-99327126FA60}"
EndProject
Project("{9A19103F-16F7-4668-BE54-9A1E7A4F7556}") = "Layer.Service", "..\Layer.Service\Layer.Service.csproj", "{A7A63FBA-B51E-4C66-B293-162C0EA8FFE8}"
EndProject
Project("{9A19103F-16F7-4668-BE54-9A1E7A4F7556}") = "Layer.Repositories", "..\Layer.Repositories\Layer.Repositories.csproj", "{9AED5FA0-49A0-4EED-857A-656EA640ADF6}"
EndProject
Project("{9A19103F-16F7-4668-BE54-9A1E7A4F7556}") = "AlbaMVC", "..\AlbaMVC\AlbaMVC.csproj", "{16582410-3AA3-4E07-AC15-433C3620B618}"
EndProject
Project("{9A19103F-16F7-4668-BE54-9A1E7A4F7556}") = "AlbaAPI", "..\AlbaAPI\AlbaAPI.csproj", "{C345F190-2736-4486-85D2-96AD2C36A37C}"
EndProject
Project("{9A19103F-16F7-4668-BE54-9A1E7A4F7556}") = "Layer.Caching", "..\Layer.Caching\Layer.Caching.csproj", "{99B4CE52-961E-4826-B209-2077DA7C4065}"
EndProject
Project("{2150E333-8FDC-42A3-9474-1A3956D46DE8}") = "Solution Items", "Solution Items", "{4B13BF70-3BA5-49C4-B978-4BA39F4DDB49}"
	ProjectSection(SolutionItems) = preProject
		Ports.txt = Ports.txt
	EndProjectSection
EndProject
Global
	GlobalSection(SolutionConfigurationPlatforms) = preSolution
		Debug|Any CPU = Debug|Any CPU
		Release|Any CPU = Release|Any CPU
	EndGlobalSection
	GlobalSection(ProjectConfigurationPlatforms) = postSolution
		{C2490613-32D6-4BF6-BDC6-99327126FA60}.Debug|Any CPU.ActiveCfg = Debug|Any CPU
		{C2490613-32D6-4BF6-BDC6-99327126FA60}.Debug|Any CPU.Build.0 = Debug|Any CPU
		{C2490613-32D6-4BF6-BDC6-99327126FA60}.Release|Any CPU.ActiveCfg = Release|Any CPU
		{C2490613-32D6-4BF6-BDC6-99327126FA60}.Release|Any CPU.Build.0 = Release|Any CPU
		{A7A63FBA-B51E-4C66-B293-162C0EA8FFE8}.Debug|Any CPU.ActiveCfg = Debug|Any CPU
		{A7A63FBA-B51E-4C66-B293-162C0EA8FFE8}.Debug|Any CPU.Build.0 = Debug|Any CPU
		{A7A63FBA-B51E-4C66-B293-162C0EA8FFE8}.Release|Any CPU.ActiveCfg = Release|Any CPU
		{A7A63FBA-B51E-4C66-B293-162C0EA8FFE8}.Release|Any CPU.Build.0 = Release|Any CPU
		{9AED5FA0-49A0-4EED-857A-656EA640ADF6}.Debug|Any CPU.ActiveCfg = Debug|Any CPU
		{9AED5FA0-49A0-4EED-857A-656EA640ADF6}.Debug|Any CPU.Build.0 = Debug|Any CPU
		{9AED5FA0-49A0-4EED-857A-656EA640ADF6}.Release|Any CPU.ActiveCfg = Release|Any CPU
		{9AED5FA0-49A0-4EED-857A-656EA640ADF6}.Release|Any CPU.Build.0 = Release|Any CPU
		{16582410-3AA3-4E07-AC15-433C3620B618}.Debug|Any CPU.ActiveCfg = Debug|Any CPU
		{16582410-3AA3-4E07-AC15-433C3620B618}.Debug|Any CPU.Build.0 = Debug|Any CPU
		{16582410-3AA3-4E07-AC15-433C3620B618}.Release|Any CPU.ActiveCfg = Release|Any CPU
		{16582410-3AA3-4E07-AC15-433C3620B618}.Release|Any CPU.Build.0 = Release|Any CPU
		{C345F190-2736-4486-85D2-96AD2C36A37C}.Debug|Any CPU.ActiveCfg = Debug|Any CPU
		{C345F190-2736-4486-85D2-96AD2C36A37C}.Debug|Any CPU.Build.0 = Debug|Any CPU
		{C345F190-2736-4486-85D2-96AD2C36A37C}.Release|Any CPU.ActiveCfg = Release|Any CPU
		{C345F190-2736-4486-85D2-96AD2C36A37C}.Release|Any CPU.Build.0 = Release|Any CPU
		{99B4CE52-961E-4826-B209-2077DA7C4065}.Debug|Any CPU.ActiveCfg = Debug|Any CPU
		{99B4CE52-961E-4826-B209-2077DA7C4065}.Debug|Any CPU.Build.0 = Debug|Any CPU
		{99B4CE52-961E-4826-B209-2077DA7C4065}.Release|Any CPU.ActiveCfg = Release|Any CPU
		{99B4CE52-961E-4826-B209-2077DA7C4065}.Release|Any CPU.Build.0 = Release|Any CPU
	EndGlobalSection
	GlobalSection(SolutionProperties) = preSolution
		HideSolutionNode = FALSE
	EndGlobalSection
	GlobalSection(ExtensibilityGlobals) = postSolution
		SolutionGuid = {4F0B1096-F7E9-406F-9FAF-20A74437034E}
	EndGlobalSection
EndGlobal
